
Microsoft Visual Studio Solution File, Format Version 12.00
# Visual Studio 15
VisualStudioVersion = 15.0.27130.2003
MinimumVisualStudioVersion = 10.0.40219.1
Project("{FAE04EC0-301F-11D3-BF4B-00C04F79EFBC}") = "AudioTraySwitcher", "AudioTraySwitcher\AudioTraySwitcher.csproj", "{B2D9B392-9AD5-4DD7-AEE1-2149B46D57DA}"
EndProject
Global
	GlobalSection(SolutionConfigurationPlatforms) = preSolution
		Debug|Any CPU = Debug|Any CPU
		Release|Any CPU = Release|Any CPU
	EndGlobalSection
	GlobalSection(ProjectConfigurationPlatforms) = postSolution
		{B2D9B392-9AD5-4DD7-AEE1-2149B46D57DA}.Debug|Any CPU.ActiveCfg = Debug|Any CPU
		{B2D9B392-9AD5-4DD7-AEE1-2149B46D57DA}.Debug|Any CPU.Build.0 = Debug|Any CPU
		{B2D9B392-9AD5-4DD7-AEE1-2149B46D57DA}.Release|Any CPU.ActiveCfg = Release|Any CPU
		{B2D9B392-9AD5-4DD7-AEE1-2149B46D57DA}.Release|Any CPU.Build.0 = Release|Any CPU
	EndGlobalSection
	GlobalSection(SolutionProperties) = preSolution
		HideSolutionNode = FALSE
	EndGlobalSection
	GlobalSection(ExtensibilityGlobals) = postSolution
		SolutionGuid = {6A452BC0-028B-435D-B1E5-1698E5CF23CF}
	EndGlobalSection
EndGlobal
